
Microsoft Visual Studio Solution File, Format Version 12.00
# Visual Studio Version 17
VisualStudioVersion = 17.14.36301.6 d17.14
MinimumVisualStudioVersion = 10.0.40219.1
Project("{00D1A9C2-B5F0-4AF3-8072-F6C62B433612}") = "Proyecto_Msc", "Proyecto_Msc.sqlproj", "{50703314-268A-45B5-B2DD-8493B9A2C8F3}"
EndProject
Global
	GlobalSection(SolutionConfigurationPlatforms) = preSolution
		Debug|Any CPU = Debug|Any CPU
		Release|Any CPU = Release|Any CPU
	EndGlobalSection
	GlobalSection(ProjectConfigurationPlatforms) = postSolution
		{50703314-268A-45B5-B2DD-8493B9A2C8F3}.Debug|Any CPU.ActiveCfg = Debug|Any CPU
		{50703314-268A-45B5-B2DD-8493B9A2C8F3}.Debug|Any CPU.Build.0 = Debug|Any CPU
		{50703314-268A-45B5-B2DD-8493B9A2C8F3}.Debug|Any CPU.Deploy.0 = Debug|Any CPU
		{50703314-268A-45B5-B2DD-8493B9A2C8F3}.Release|Any CPU.ActiveCfg = Release|Any CPU
		{50703314-268A-45B5-B2DD-8493B9A2C8F3}.Release|Any CPU.Build.0 = Release|Any CPU
		{50703314-268A-45B5-B2DD-8493B9A2C8F3}.Release|Any CPU.Deploy.0 = Release|Any CPU
	EndGlobalSection
	GlobalSection(SolutionProperties) = preSolution
		HideSolutionNode = FALSE
	EndGlobalSection
	GlobalSection(ExtensibilityGlobals) = postSolution
		SolutionGuid = {F42D6910-1416-4441-94AC-BD47A4F290BD}
	EndGlobalSection
EndGlobal
